
Microsoft Visual Studio Solution File, Format Version 12.00
# Visual Studio Version 16
VisualStudioVersion = 16.0.29318.209
MinimumVisualStudioVersion = 10.0.40219.1
Project("{FAE04EC0-301F-11D3-BF4B-00C04F79EFBC}") = "nikSimeticKlaseObjekti", "nikSimeticKlaseObjekti.csproj", "{AC237715-35DB-4DE5-9A85-D11DAAB7B75D}"
EndProject
Global
	GlobalSection(SolutionConfigurationPlatforms) = preSolution
		Debug|Any CPU = Debug|Any CPU
		Release|Any CPU = Release|Any CPU
	EndGlobalSection
	GlobalSection(ProjectConfigurationPlatforms) = postSolution
		{AC237715-35DB-4DE5-9A85-D11DAAB7B75D}.Debug|Any CPU.ActiveCfg = Debug|Any CPU
		{AC237715-35DB-4DE5-9A85-D11DAAB7B75D}.Debug|Any CPU.Build.0 = Debug|Any CPU
		{AC237715-35DB-4DE5-9A85-D11DAAB7B75D}.Release|Any CPU.ActiveCfg = Release|Any CPU
		{AC237715-35DB-4DE5-9A85-D11DAAB7B75D}.Release|Any CPU.Build.0 = Release|Any CPU
	EndGlobalSection
	GlobalSection(SolutionProperties) = preSolution
		HideSolutionNode = FALSE
	EndGlobalSection
	GlobalSection(ExtensibilityGlobals) = postSolution
		SolutionGuid = {EC390F5D-C55A-4D81-84A7-37793E154BB9}
	EndGlobalSection
EndGlobal
